
Microsoft Visual Studio Solution File, Format Version 12.00
# Visual Studio 14
VisualStudioVersion = 14.0.25420.1
MinimumVisualStudioVersion = 10.0.40219.1
Project("{FAE04EC0-301F-11D3-BF4B-00C04F79EFBC}") = "Microsoft.Translator", "Microsoft.Translator\Microsoft.Translator.csproj", "{98E6B31F-6BB4-4011-BB60-4D43490C808E}"
EndProject
Project("{8BB2217D-0F2D-49D1-97BC-3654ED321F3B}") = "Microsoft.Translator.Web", "Microsoft.Translator.Web\Microsoft.Translator.Web.xproj", "{C3896655-B888-464F-91AE-07E3808B34A2}"
EndProject
Global
	GlobalSection(SolutionConfigurationPlatforms) = preSolution
		Debug|Any CPU = Debug|Any CPU
		Release|Any CPU = Release|Any CPU
	EndGlobalSection
	GlobalSection(ProjectConfigurationPlatforms) = postSolution
		{98E6B31F-6BB4-4011-BB60-4D43490C808E}.Debug|Any CPU.ActiveCfg = Debug|Any CPU
		{98E6B31F-6BB4-4011-BB60-4D43490C808E}.Debug|Any CPU.Build.0 = Debug|Any CPU
		{98E6B31F-6BB4-4011-BB60-4D43490C808E}.Release|Any CPU.ActiveCfg = Release|Any CPU
		{98E6B31F-6BB4-4011-BB60-4D43490C808E}.Release|Any CPU.Build.0 = Release|Any CPU
		{C3896655-B888-464F-91AE-07E3808B34A2}.Debug|Any CPU.ActiveCfg = Debug|Any CPU
		{C3896655-B888-464F-91AE-07E3808B34A2}.Debug|Any CPU.Build.0 = Debug|Any CPU
		{C3896655-B888-464F-91AE-07E3808B34A2}.Release|Any CPU.ActiveCfg = Release|Any CPU
		{C3896655-B888-464F-91AE-07E3808B34A2}.Release|Any CPU.Build.0 = Release|Any CPU
	EndGlobalSection
	GlobalSection(SolutionProperties) = preSolution
		HideSolutionNode = FALSE
	EndGlobalSection
EndGlobal
